// !$*UTF8*$!
{
	archiveVersion = 1;
	classes = {
	};
	objectVersion = 46;
	objects = {

/* Begin PBXBuildFile section */
		FCAF60921D07C54C00C3F0A3 /* main.c in Sources */ = {isa = PBXBuildFile; fileRef = FCAF60911D07C54C00C3F0A3 /* main.c */; };
		FCAF609A1D07C56A00C3F0A3 /* mystr.c in Sources */ = {isa = PBXBuildFile; fileRef = FCAF60981D07C56A00C3F0A3 /* mystr.c */; };
/* End PBXBuildFile section */

/* Begin PBXCopyFilesBuildPhase section */
		FCAF608C1D07C54C00C3F0A3 /* CopyFiles */ = {
			isa = PBXCopyFilesBuildPhase;
			buildActionMask = 2147483647;
			dstPath = /usr/share/man/man1/;
			dstSubfolderSpec = 0;
			files = (
			);
			runOnlyForDeploymentPostprocessing = 1;
		};
/* End PBXCopyFilesBuildPhase section */

/* Begin PBXFileReference section */
		FCAF608E1D07C54C00C3F0A3 /* MyStr */ = {isa = PBXFileReference; explicitFileType = "compiled.mach-o.executable"; includeInIndex = 0; path = MyStr; sourceTree = BUILT_PRODUCTS_DIR; };
		FCAF60911D07C54C00C3F0A3 /* main.c */ = {isa = PBXFileReference; lastKnownFileType = sourcecode.c.c; path = main.c; sourceTree = "<group>"; };
		FCAF60981D07C56A00C3F0A3 /* mystr.c */ = {isa = PBXFileReference; fileEncoding = 4; lastKnownFileType = sourcecode.c.c; path = mystr.c; sourceTree = "<group>"; };
		FCAF60991D07C56A00C3F0A3 /* mystr.h */ = {isa = PBXFileReference; fileEncoding = 4; lastKnownFileType = sourcecode.c.h; path = mystr.h; sourceTree = "<group>"; };
/* End PBXFileReference section */

/* Begin PBXFrameworksBuildPhase section */
		FCAF608B1D07C54C00C3F0A3 /* Frameworks */ = {
			isa = PBXFrameworksBuildPhase;
			buildActionMask = 2147483647;
			files = (
			);
			runOnlyForDeploymentPostprocessing = 0;
		};
/* End PBXFrameworksBuildPhase section */

/* Begin PBXGroup section */
		FCAF60851D07C54C00C3F0A3 = {
			isa = PBXGroup;
			children = (
				FCAF60901D07C54C00C3F0A3 /* MyStr */,
				FCAF608F1D07C54C00C3F0A3 /* Products */,
			);
			sourceTree = "<group>";
		};
		FCAF608F1D07C54C00C3F0A3 /* Products */ = {
			isa = PBXGroup;
			children = (
				FCAF608E1D07C54C00C3F0A3 /* MyStr */,
			);
			name = Products;
			sourceTree = "<group>";
		};
		FCAF60901D07C54C00C3F0A3 /* MyStr */ = {
			isa = PBXGroup;
			children = (
				FCAF60911D07C54C00C3F0A3 /* main.c */,
				FCAF60981D07C56A00C3F0A3 /* mystr.c */,
				FCAF60991D07C56A00C3F0A3 /* mystr.h */,
			);
			path = MyStr;
			sourceTree = "<group>";
		};
/* End PBXGroup section */

/* Begin PBXNativeTarget section */
		FCAF608D1D07C54C00C3F0A3 /* MyStr */ = {
			isa = PBXNativeTarget;
			buildConfigurationList = FCAF60951D07C54C00C3F0A3 /* Build configuration list for PBXNativeTarget "MyStr" */;
			buildPhases = (
				FCAF608A1D07C54C00C3F0A3 /* Sources */,
				FCAF608B1D07C54C00C3F0A3 /* Frameworks */,
				FCAF608C1D07C54C00C3F0A3 /* CopyFiles */,
			);
			buildRules = (
			);
			dependencies = (
			);
			name = MyStr;
			productName = MyStr;
			productReference = FCAF608E1D07C54C00C3F0A3 /* MyStr */;
			productType = "com.apple.product-type.tool";
		};
/* End PBXNativeTarget section */

/* Begin PBXProject section */
		FCAF60861D07C54C00C3F0A3 /* Project object */ = {
			isa = PBXProject;
			attributes = {
				LastUpgradeCheck = 0720;
				ORGANIZATIONNAME = WangQitai;
				TargetAttributes = {
					FCAF608D1D07C54C00C3F0A3 = {
						CreatedOnToolsVersion = 7.2;
					};
				};
			};
			buildConfigurationList = FCAF60891D07C54C00C3F0A3 /* Build configuration list for PBXProject "MyStr" */;
			compatibilityVersion = "Xcode 3.2";
			developmentRegion = English;
			hasScannedForEncodings = 0;
			knownRegions = (
				en,
			);
			mainGroup = FCAF60851D07C54C00C3F0A3;
			productRefGroup = FCAF608F1D07C54C00C3F0A3 /* Products */;
			projectDirPath = "";
			projectRoot = "";
			targets = (
				FCAF608D1D07C54C00C3F0A3 /* MyStr */,
			);
		};
/* End PBXProject section */

/* Begin PBXSourcesBuildPhase section */
		FCAF608A1D07C54C00C3F0A3 /* Sources */ = {
			isa = PBXSourcesBuildPhase;
			buildActionMask = 2147483647;
			files = (
				FCAF60921D07C54C00C3F0A3 /* main.c in Sources */,
				FCAF609A1D07C56A00C3F0A3 /* mystr.c in Sources */,
			);
			runOnlyForDeploymentPostprocessing = 0;
		};
/* End PBXSourcesBuildPhase section */

/* Begin XCBuildConfiguration section */
		FCAF60931D07C54C00C3F0A3 /* Debug */ = {
			isa = XCBuildConfiguration;
			buildSettings = {
				ALWAYS_SEARCH_USER_PATHS = NO;
				CLANG_CXX_LANGUAGE_STANDARD = "gnu++0x";
				CLANG_CXX_LIBRARY = "libc++";
				CLANG_ENABLE_MODULES = YES;
				CLANG_ENABLE_OBJC_ARC = YES;
				CLANG_WARN_BOOL_CONVERSION = YES;
				CLANG_WARN_CONSTANT_CONVERSION = YES;
				CLANG_WARN_DIRECT_OBJC_ISA_USAGE = YES_ERROR;
				CLANG_WARN_EMPTY_BODY = YES;
				CLANG_WARN_ENUM_CONVERSION = YES;
				CLANG_WARN_INT_CONVERSION = YES;
				CLANG_WARN_OBJC_ROOT_CLASS = YES_ERROR;
				CLANG_WARN_UNREACHABLE_CODE = YES;
				CLANG_WARN__DUPLICATE_METHOD_MATCH = YES;
				CODE_SIGN_IDENTITY = "-";
				COPY_PHASE_STRIP = NO;
				DEBUG_INFORMATION_FORMAT = dwarf;
				ENABLE_STRICT_OBJC_MSGSEND = YES;
				ENABLE_TESTABILITY = YES;
				GCC_C_LANGUAGE_STANDARD = gnu99;
				GCC_DYNAMIC_NO_PIC = NO;
				GCC_NO_COMMON_BLOCKS = YES;
				GCC_OPTIMIZATION_LEVEL = 0;
				GCC_PREPROCESSOR_DEFINITIONS = (
					"DEBUG=1",
					"$(inherited)",
				);
				GCC_WARN_64_TO_32_BIT_CONVERSION = YES;
				GCC_WARN_ABOUT_RETURN_TYPE = YES_ERROR;
				GCC_WARN_UNDECLARED_SELECTOR = YES;
				GCC_WARN_UNINITIALIZED_AUTOS = YES_AGGRESSIVE;
				GCC_WARN_UNUSED_FUNCTION = YES;
				GCC_WARN_UNUSED_VARIABLE = YES;
				MACOSX_DEPLOYMENT_TARGET = 10.11;
				MTL_ENABLE_DEBUG_INFO = YES;
				ONLY_ACTIVE_ARCH = YES;
				SDKROOT = macosx;
			};
			name = Debug;
		};
		FCAF60941D07C54C00C3F0A3 /* Release */ = {
			isa = XCBuildConfiguration;
			buildSettings = {
				ALWAYS_SEARCH_USER_PATHS = NO;
				CLANG_CXX_LANGUAGE_STANDARD = "gnu++0x";
				CLANG_CXX_LIBRARY = "libc++";
				CLANG_ENABLE_MODULES = YES;
				CLANG_ENABLE_OBJC_ARC = YES;
				CLANG_WARN_BOOL_CONVERSION = YES;
				CLANG_WARN_CONSTANT_CONVERSION = YES;
				CLANG_WARN_DIRECT_OBJC_ISA_USAGE = YES_ERROR;
				CLANG_WARN_EMPTY_BODY = YES;
				CLANG_WARN_ENUM_CONVERSION = YES;
				CLANG_WARN_INT_CONVERSION = YES;
				CLANG_WARN_OBJC_ROOT_CLASS = YES_ERROR;
				CLANG_WARN_UNREACHABLE_CODE = YES;
				CLANG_WARN__DUPLICATE_METHOD_MATCH = YES;
				CODE_SIGN_IDENTITY = "-";
				COPY_PHASE_STRIP = NO;
				DEBUG_INFORMATION_FORMAT = "dwarf-with-dsym";
				ENABLE_NS_ASSERTIONS = NO;
				ENABLE_STRICT_OBJC_MSGSEND = YES;
				GCC_C_LANGUAGE_STANDARD = gnu99;
				GCC_NO_COMMON_BLOCKS = YES;
				GCC_WARN_64_TO_32_BIT_CONVERSION = YES;
				GCC_WARN_ABOUT_RETURN_TYPE = YES_ERROR;
				GCC_WARN_UNDECLARED_SELECTOR = YES;
				GCC_WARN_UNINITIALIZED_AUTOS = YES_AGGRESSIVE;
				GCC_WARN_UNUSED_FUNCTION = YES;
				GCC_WARN_UNUSED_VARIABLE = YES;
				MACOSX_DEPLOYMENT_TARGET = 10.11;
				MTL_ENABLE_DEBUG_INFO = NO;
				SDKROOT = macosx;
			};
			name = Release;
		};
		FCAF60961D07C54C00C3F0A3 /* Debug */ = {
			isa = XCBuildConfiguration;
			buildSettings = {
				PRODUCT_NAME = "$(TARGET_NAME)";
			};
			name = Debug;
		};
		FCAF60971D07C54C00C3F0A3 /* Release */ = {
			isa = XCBuildConfiguration;
			buildSettings = {
				PRODUCT_NAME = "$(TARGET_NAME)";
			};
			name = Release;
		};
/* End XCBuildConfiguration section */

/* Begin XCConfigurationList section */
		FCAF60891D07C54C00C3F0A3 /* Build configuration list for PBXProject "MyStr" */ = {
			isa = XCConfigurationList;
			buildConfigurations = (
				FCAF60931D07C54C00C3F0A3 /* Debug */,
				FCAF60941D07C54C00C3F0A3 /* Release */,
			);
			defaultConfigurationIsVisible = 0;
			defaultConfigurationName = Release;
		};
		FCAF60951D07C54C00C3F0A3 /* Build configuration list for PBXNativeTarget "MyStr" */ = {
			isa = XCConfigurationList;
			buildConfigurations = (
				FCAF60961D07C54C00C3F0A3 /* Debug */,
				FCAF60971D07C54C00C3F0A3 /* Release */,
			);
			defaultConfigurationIsVisible = 0;
		};
/* End XCConfigurationList section */
	};
	rootObject = FCAF60861D07C54C00C3F0A3 /* Project object */;
}
